{
    "_readme": [
        "This file locks the dependencies of your project to a known state",
        "Read more about it at https://getcomposer.org/doc/01-basic-usage.md#installing-dependencies",
        "This file is @generated automatically"
    ],
    "content-hash": "2b4d691c7d78238be1b59d3c1fdb386a",
    "packages": [
        {
            "name": "brick/varexporter",
            "version": "0.3.7",
            "source": {
                "type": "git",
                "url": "https://github.com/brick/varexporter.git",
                "reference": "3e263cd718d242594c52963760fee2059fd5833c"
            },
            "dist": {
                "type": "zip",
                "url": "https://api.github.com/repos/brick/varexporter/zipball/3e263cd718d242594c52963760fee2059fd5833c",
                "reference": "3e263cd718d242594c52963760fee2059fd5833c",
                "shasum": ""
            },
            "require": {
                "nikic/php-parser": "^4.0",
                "php": "^7.2 || ^8.0"
            },
            "require-dev": {
                "php-coveralls/php-coveralls": "^2.2",
                "phpunit/phpunit": "^8.5 || ^9.0",
                "vimeo/psalm": "4.23.0"
            },
            "type": "library",
            "autoload": {
                "psr-4": {
                    "Brick\\VarExporter\\": "src/"
                }
            },
            "notification-url": "https://packagist.org/downloads/",
            "license": [
                "MIT"
            ],
            "description": "A powerful alternative to var_export(), which can export closures and objects without __set_state()",
            "keywords": [
                "var_export"
            ],
            "support": {
                "issues": "https://github.com/brick/varexporter/issues",
                "source": "https://github.com/brick/varexporter/tree/0.3.7"
            },
            "funding": [
                {
                    "url": "https://github.com/BenMorel",
                    "type": "github"
                }
            ],
            "time": "2022-06-29T23:37:57+00:00"
        },
        {
            "name": "laminas/laminas-config-aggregator",
            "version": "1.11.0",
            "source": {
                "type": "git",
                "url": "https://github.com/laminas/laminas-config-aggregator.git",
                "reference": "847394b3435081e93464341261446e453051d1af"
            },
            "dist": {
                "type": "zip",
                "url": "https://api.github.com/repos/laminas/laminas-config-aggregator/zipball/847394b3435081e93464341261446e453051d1af",
                "reference": "847394b3435081e93464341261446e453051d1af",
                "shasum": ""
            },
            "require": {
                "brick/varexporter": "^0.3.7",
                "laminas/laminas-stdlib": "^3.10.1",
                "php": "~8.0.0 || ~8.1.0 || ~8.2.0",
                "webimpress/safe-writer": "^2.2.0"
            },
            "conflict": {
                "nikic/php-parser": "<4.12",
                "zendframework/zend-config-aggregator": "*"
            },
            "require-dev": {
                "laminas/laminas-coding-standard": "~2.4.0",
                "laminas/laminas-config": "^3.7.0",
                "laminas/laminas-servicemanager": "^3.19",
                "phpunit/phpunit": "^9.5.25",
                "psalm/plugin-phpunit": "^0.17.0",
                "vimeo/psalm": "^4.29"
            },
            "suggest": {
                "laminas/laminas-config": "Allows loading configuration from XML, INI, YAML, and JSON files",
                "laminas/laminas-config-aggregator-modulemanager": "Allows loading configuration from laminas-mvc Module classes",
                "laminas/laminas-config-aggregator-parameters": "Allows usage of templated parameters within your configuration"
            },
            "type": "library",
            "autoload": {
                "psr-4": {
                    "Laminas\\ConfigAggregator\\": "src/"
                }
            },
            "notification-url": "https://packagist.org/downloads/",
            "license": [
                "BSD-3-Clause"
            ],
            "description": "Lightweight library for collecting and merging configuration from different sources",
            "homepage": "https://laminas.dev",
            "keywords": [
                "config-aggregator",
                "laminas"
            ],
            "support": {
                "chat": "https://laminas.dev/chat",
                "docs": "https://docs.laminas.dev/laminas-config-aggregator/",
                "forum": "https://discourse.laminas.dev",
                "issues": "https://github.com/laminas/laminas-config-aggregator/issues",
                "rss": "https://github.com/laminas/laminas-config-aggregator/releases.atom",
                "source": "https://github.com/laminas/laminas-config-aggregator"
            },
            "funding": [
                {
                    "url": "https://funding.communitybridge.org/projects/laminas-project",
                    "type": "community_bridge"
                }
            ],
            "time": "2022-10-11T23:40:37+00:00"
        },
        {
            "name": "laminas/laminas-stdlib",
            "version": "3.15.0",
            "source": {
                "type": "git",
                "url": "https://github.com/laminas/laminas-stdlib.git",
                "reference": "63b66bd4b696f024f42616b9d95cdb10e5109c27"
            },
            "dist": {
                "type": "zip",
                "url": "https://api.github.com/repos/laminas/laminas-stdlib/zipball/63b66bd4b696f024f42616b9d95cdb10e5109c27",
                "reference": "63b66bd4b696f024f42616b9d95cdb10e5109c27",
                "shasum": ""
            },
            "require": {
                "php": "~8.0.0 || ~8.1.0 || ~8.2.0"
            },
            "conflict": {
                "zendframework/zend-stdlib": "*"
            },
            "require-dev": {
                "laminas/laminas-coding-standard": "^2.4.0",
                "phpbench/phpbench": "^1.2.6",
                "phpunit/phpunit": "^9.5.25",
                "psalm/plugin-phpunit": "^0.17.0",
                "vimeo/psalm": "^4.28"
            },
            "type": "library",
            "autoload": {
                "psr-4": {
                    "Laminas\\Stdlib\\": "src/"
                }
            },
            "notification-url": "https://packagist.org/downloads/",
            "license": [
                "BSD-3-Clause"
            ],
            "description": "SPL extensions, array utilities, error handlers, and more",
            "homepage": "https://laminas.dev",
            "keywords": [
                "laminas",
                "stdlib"
            ],
            "support": {
                "chat": "https://laminas.dev/chat",
                "docs": "https://docs.laminas.dev/laminas-stdlib/",
                "forum": "https://discourse.laminas.dev",
                "issues": "https://github.com/laminas/laminas-stdlib/issues",
                "rss": "https://github.com/laminas/laminas-stdlib/releases.atom",
                "source": "https://github.com/laminas/laminas-stdlib"
            },
            "funding": [
                {
                    "url": "https://funding.communitybridge.org/projects/laminas-project",
                    "type": "community_bridge"
                }
            ],
            "time": "2022-10-10T19:10:24+00:00"
        },
        {
            "name": "nikic/php-parser",
            "version": "v4.15.2",
            "source": {
                "type": "git",
                "url": "https://github.com/nikic/PHP-Parser.git",
                "reference": "f59bbe44bf7d96f24f3e2b4ddc21cd52c1d2adbc"
            },
            "dist": {
                "type": "zip",
                "url": "https://api.github.com/repos/nikic/PHP-Parser/zipball/f59bbe44bf7d96f24f3e2b4ddc21cd52c1d2adbc",
                "reference": "f59bbe44bf7d96f24f3e2b4ddc21cd52c1d2adbc",
                "shasum": ""
            },
            "require": {
                "ext-tokenizer": "*",
                "php": ">=7.0"
            },
            "require-dev": {
                "ircmaxell/php-yacc": "^0.0.7",
                "phpunit/phpunit": "^6.5 || ^7.0 || ^8.0 || ^9.0"
            },
            "bin": [
                "bin/php-parse"
            ],
            "type": "library",
            "extra": {
                "branch-alias": {
                    "dev-master": "4.9-dev"
                }
            },
            "autoload": {
                "psr-4": {
                    "PhpParser\\": "lib/PhpParser"
                }
            },
            "notification-url": "https://packagist.org/downloads/",
            "license": [
                "BSD-3-Clause"
            ],
            "authors": [
                {
                    "name": "Nikita Popov"
                }
            ],
            "description": "A PHP parser written in PHP",
            "keywords": [
                "parser",
                "php"
            ],
            "support": {
                "issues": "https://github.com/nikic/PHP-Parser/issues",
                "source": "https://github.com/nikic/PHP-Parser/tree/v4.15.2"
            },
            "time": "2022-11-12T15:38:23+00:00"
        },
        {
            "name": "webimpress/safe-writer",
            "version": "2.2.0",
            "source": {
                "type": "git",
                "url": "https://github.com/webimpress/safe-writer.git",
                "reference": "9d37cc8bee20f7cb2f58f6e23e05097eab5072e6"
            },
            "dist": {
                "type": "zip",
                "url": "https://api.github.com/repos/webimpress/safe-writer/zipball/9d37cc8bee20f7cb2f58f6e23e05097eab5072e6",
                "reference": "9d37cc8bee20f7cb2f58f6e23e05097eab5072e6",
                "shasum": ""
            },
            "require": {
                "php": "^7.3 || ^8.0"
            },
            "require-dev": {
                "phpunit/phpunit": "^9.5.4",
                "vimeo/psalm": "^4.7",
                "webimpress/coding-standard": "^1.2.2"
            },
            "type": "library",
            "extra": {
                "branch-alias": {
                    "dev-master": "2.2.x-dev",
                    "dev-develop": "2.3.x-dev",
                    "dev-release-1.0": "1.0.x-dev"
                }
            },
            "autoload": {
                "psr-4": {
                    "Webimpress\\SafeWriter\\": "src/"
                }
            },
            "notification-url": "https://packagist.org/downloads/",
            "license": [
                "BSD-2-Clause"
            ],
            "description": "Tool to write files safely, to avoid race conditions",
            "keywords": [
                "concurrent write",
                "file writer",
                "race condition",
                "safe writer",
                "webimpress"
            ],
            "support": {
                "issues": "https://github.com/webimpress/safe-writer/issues",
                "source": "https://github.com/webimpress/safe-writer/tree/2.2.0"
            },
            "funding": [
                {
                    "url": "https://github.com/michalbundyra",
                    "type": "github"
                }
            ],
            "time": "2021-04-19T16:34:45+00:00"
        }
    ],
    "packages-dev": [],
    "aliases": [],
    "minimum-stability": "stable",
    "stability-flags": [],
    "prefer-stable": false,
    "prefer-lowest": false,
    "platform": [],
    "platform-dev": [],
    "plugin-api-version": "2.2.0"
}
